
Microsoft Visual Studio Solution File, Format Version 12.00
# Visual Studio Version 17
VisualStudioVersion = 17.8.34511.84
MinimumVisualStudioVersion = 10.0.40219.1
Project("{2150E333-8FDC-42A3-9474-1A3956D46DE8}") = "src", "src", "{A9C9C430-D629-431E-A2BB-80AD6E525D51}"
EndProject
Project("{FAE04EC0-301F-11D3-BF4B-00C04F79EFBC}") = "Base.Caching", "src\Base.Caching\Base.Caching.csproj", "{AC683BBA-43A9-41C8-B97E-53FB02BBEEBE}"
EndProject
Project("{FAE04EC0-301F-11D3-BF4B-00C04F79EFBC}") = "Caching.Test", "src\Caching.Test\Caching.Test.csproj", "{F4E9E481-47E5-4B1B-A114-30D54DC72F16}"
EndProject
Global
	GlobalSection(SolutionConfigurationPlatforms) = preSolution
		Debug|Any CPU = Debug|Any CPU
		Release|Any CPU = Release|Any CPU
	EndGlobalSection
	GlobalSection(ProjectConfigurationPlatforms) = postSolution
		{AC683BBA-43A9-41C8-B97E-53FB02BBEEBE}.Debug|Any CPU.ActiveCfg = Debug|Any CPU
		{AC683BBA-43A9-41C8-B97E-53FB02BBEEBE}.Debug|Any CPU.Build.0 = Debug|Any CPU
		{AC683BBA-43A9-41C8-B97E-53FB02BBEEBE}.Release|Any CPU.ActiveCfg = Release|Any CPU
		{AC683BBA-43A9-41C8-B97E-53FB02BBEEBE}.Release|Any CPU.Build.0 = Release|Any CPU
		{F4E9E481-47E5-4B1B-A114-30D54DC72F16}.Debug|Any CPU.ActiveCfg = Debug|Any CPU
		{F4E9E481-47E5-4B1B-A114-30D54DC72F16}.Debug|Any CPU.Build.0 = Debug|Any CPU
		{F4E9E481-47E5-4B1B-A114-30D54DC72F16}.Release|Any CPU.ActiveCfg = Release|Any CPU
		{F4E9E481-47E5-4B1B-A114-30D54DC72F16}.Release|Any CPU.Build.0 = Release|Any CPU
	EndGlobalSection
	GlobalSection(SolutionProperties) = preSolution
		HideSolutionNode = FALSE
	EndGlobalSection
	GlobalSection(NestedProjects) = preSolution
		{AC683BBA-43A9-41C8-B97E-53FB02BBEEBE} = {A9C9C430-D629-431E-A2BB-80AD6E525D51}
		{F4E9E481-47E5-4B1B-A114-30D54DC72F16} = {A9C9C430-D629-431E-A2BB-80AD6E525D51}
	EndGlobalSection
	GlobalSection(ExtensibilityGlobals) = postSolution
		SolutionGuid = {4C23AE71-A1CA-421A-ACE0-477E607339C8}
	EndGlobalSection
EndGlobal
